// !$*UTF8*$!
{
	archiveVersion = 1;
	classes = {
	};
	objectVersion = 77;
	objects = {

/* Begin PBXBuildFile section */
		1D0190B9A4314C4F1E974268 /* SmokeTests.swift in Sources */ = {isa = PBXBuildFile; fileRef = 6C03A43C05B823F769A9169F /* SmokeTests.swift */; };
		8015816EC0A0B955592FD4BB /* Cocoa.framework in Frameworks */ = {isa = PBXBuildFile; fileRef = 5904199535DD4B29D57E7CA6 /* Cocoa.framework */; };
		A1B2C3D4E5F60718293A4B5C /* V2DerivedStateTests.swift in Sources */ = {isa = PBXBuildFile; fileRef = A1B2C3D4E5F60718293A4B5D /* V2DerivedStateTests.swift */; };
		AB12CD34EF5601789ABCDE02 /* V2ExportTests.swift in Sources */ = {isa = PBXBuildFile; fileRef = AB12CD34EF5601789ABCDE01 /* V2ExportTests.swift */; };
		C0DE0FF1CE20260807AB0002 /* V2CutoverTests.swift in Sources */ = {isa = PBXBuildFile; fileRef = C0DE0FF1CE20260807AB0001 /* V2CutoverTests.swift */; };
		AB12CD34EF5601789ABCDE04 /* V2SecurityTests.swift in Sources */ = {isa = PBXBuildFile; fileRef = AB12CD34EF5601789ABCDE03 /* V2SecurityTests.swift */; };
		B4EE09033025C63B003F6F45 /* V2SearchTests.swift in Sources */ = {isa = PBXBuildFile; fileRef = B4EE09023025C63B003F6F45 /* V2SearchTests.swift */; };
		FE90CA2542E92965622E2D37 /* V2VerificationTests.swift in Sources */ = {isa = PBXBuildFile; fileRef = B137BCFD52463D2F34C4DAE4 /* V2VerificationTests.swift */; };
/* End PBXBuildFile section */

/* Begin PBXContainerItemProxy section */
		481E20DFCEF7A0B2B4AB3379 /* PBXContainerItemProxy */ = {
			isa = PBXContainerItemProxy;
			containerPortal = C3F77F682E21F62600351625 /* Project object */;
			proxyType = 1;
			remoteGlobalIDString = C3F77F6F2E21F62600351625;
			remoteInfo = maxmailin;
		};
/* End PBXContainerItemProxy section */

/* Begin PBXCopyFilesBuildPhase section */
		C3DF21392E30BC8500B0E3E6 /* CopyFiles */ = {
			isa = PBXCopyFilesBuildPhase;
			buildActionMask = 2147483647;
			dstPath = "";
			dstSubfolderSpec = 7;
			files = (
			);
			runOnlyForDeploymentPostprocessing = 0;
		};
/* End PBXCopyFilesBuildPhase section */

/* Begin PBXFileReference section */
		5904199535DD4B29D57E7CA6 /* Cocoa.framework */ = {isa = PBXFileReference; lastKnownFileType = wrapper.framework; name = Cocoa.framework; path = Platforms/MacOSX.platform/Developer/SDKs/MacOSX26.0.sdk/System/Library/Frameworks/Cocoa.framework; sourceTree = DEVELOPER_DIR; };
		6C03A43C05B823F769A9169F /* SmokeTests.swift */ = {isa = PBXFileReference; includeInIndex = 1; lastKnownFileType = sourcecode.swift; path = SmokeTests.swift; sourceTree = "<group>"; };
		9CF2C7D0B60FDC821DB65ADF /* maxmailinTests.xctest */ = {isa = PBXFileReference; explicitFileType = wrapper.cfbundle; includeInIndex = 0; path = maxmailinTests.xctest; sourceTree = BUILT_PRODUCTS_DIR; };
		A1B2C3D4E5F60718293A4B5D /* V2DerivedStateTests.swift */ = {isa = PBXFileReference; includeInIndex = 1; lastKnownFileType = sourcecode.swift; path = V2DerivedStateTests.swift; sourceTree = "<group>"; };
		AB12CD34EF5601789ABCDE01 /* V2ExportTests.swift */ = {isa = PBXFileReference; includeInIndex = 1; lastKnownFileType = sourcecode.swift; path = V2ExportTests.swift; sourceTree = "<group>"; };
		C0DE0FF1CE20260807AB0001 /* V2CutoverTests.swift */ = {isa = PBXFileReference; includeInIndex = 1; lastKnownFileType = sourcecode.swift; path = V2CutoverTests.swift; sourceTree = "<group>"; };
		AB12CD34EF5601789ABCDE03 /* V2SecurityTests.swift */ = {isa = PBXFileReference; includeInIndex = 1; lastKnownFileType = sourcecode.swift; path = V2SecurityTests.swift; sourceTree = "<group>"; };
		B137BCFD52463D2F34C4DAE4 /* V2VerificationTests.swift */ = {isa = PBXFileReference; includeInIndex = 1; lastKnownFileType = sourcecode.swift; path = V2VerificationTests.swift; sourceTree = "<group>"; };
		B4EE09023025C63B003F6F45 /* V2SearchTests.swift */ = {isa = PBXFileReference; lastKnownFileType = sourcecode.swift; path = V2SearchTests.swift; sourceTree = "<group>"; };
		C3B67A602E2FE445009C208C /* ModelRunner.xcodeproj */ = {isa = PBXFileReference; lastKnownFileType = "wrapper.pb-project"; path = ModelRunner.xcodeproj; sourceTree = "<group>"; };
		C3B687F12E2F3CE7009C208C /* ModelRunner.xcodeproj */ = {isa = PBXFileReference; lastKnownFileType = "wrapper.pb-project"; path = ModelRunner.xcodeproj; sourceTree = "<group>"; };
		C3B6F5B12E2F3AD2009C208C /* ModelRunner.xcodeproj */ = {isa = PBXFileReference; lastKnownFileType = "wrapper.pb-project"; path = ModelRunner.xcodeproj; sourceTree = "<group>"; };
		C3F77F702E21F62600351625 /* maxmailin.app */ = {isa = PBXFileReference; explicitFileType = wrapper.application; includeInIndex = 0; path = maxmailin.app; sourceTree = BUILT_PRODUCTS_DIR; };
		C3F7A7222E2ED24F00351625 /* ModelRunner.xcodeproj */ = {isa = PBXFileReference; lastKnownFileType = "wrapper.pb-project"; path = ModelRunner.xcodeproj; sourceTree = "<group>"; };
/* End PBXFileReference section */

/* Begin PBXFileSystemSynchronizedRootGroup section */
		C3F77F722E21F62600351625 /* maxmailin */ = {
			isa = PBXFileSystemSynchronizedRootGroup;
			path = maxmailin;
			sourceTree = "<group>";
		};
/* End PBXFileSystemSynchronizedRootGroup section */

/* Begin PBXFrameworksBuildPhase section */
		C3F77F6D2E21F62600351625 /* Frameworks */ = {
			isa = PBXFrameworksBuildPhase;
			buildActionMask = 2147483647;
			files = (
			);
			runOnlyForDeploymentPostprocessing = 0;
		};
		D2BDDBF659090CC2F61A26EC /* Frameworks */ = {
			isa = PBXFrameworksBuildPhase;
			buildActionMask = 2147483647;
			files = (
				8015816EC0A0B955592FD4BB /* Cocoa.framework in Frameworks */,
			);
			runOnlyForDeploymentPostprocessing = 0;
		};
/* End PBXFrameworksBuildPhase section */

/* Begin PBXGroup section */
		1DB56D68AE982DF73D8746ED /* Frameworks */ = {
			isa = PBXGroup;
			children = (
				86241DBD43631C4B3C9A09EC /* OS X */,
			);
			name = Frameworks;
			sourceTree = "<group>";
		};
		86241DBD43631C4B3C9A09EC /* OS X */ = {
			isa = PBXGroup;
			children = (
				5904199535DD4B29D57E7CA6 /* Cocoa.framework */,
			);
			name = "OS X";
			sourceTree = "<group>";
		};
		BE24C855A58BA09F68BE5BCE /* maxmailinTests */ = {
			isa = PBXGroup;
			children = (
				6C03A43C05B823F769A9169F /* SmokeTests.swift */,
				B137BCFD52463D2F34C4DAE4 /* V2VerificationTests.swift */,
				A1B2C3D4E5F60718293A4B5D /* V2DerivedStateTests.swift */,
				AB12CD34EF5601789ABCDE01 /* V2ExportTests.swift */,
				C0DE0FF1CE20260807AB0001 /* V2CutoverTests.swift */,
				AB12CD34EF5601789ABCDE03 /* V2SecurityTests.swift */,
				B4EE09023025C63B003F6F45 /* V2SearchTests.swift */,
			);
			path = maxmailinTests;
			sourceTree = SOURCE_ROOT;
		};
		C3B67D182E2FE445009C208C /* Products */ = {
			isa = PBXGroup;
			children = (
			);
			name = Products;
			sourceTree = "<group>";
		};
		C3B68A772E2F3CE8009C208C /* Products */ = {
			isa = PBXGroup;
			children = (
			);
			name = Products;
			sourceTree = "<group>";
		};
		C3B6F8442E2F3AD2009C208C /* Products */ = {
			isa = PBXGroup;
			children = (
			);
			name = Products;
			sourceTree = "<group>";
		};
		C3F77F672E21F62600351625 = {
			isa = PBXGroup;
			children = (
				C3F77F722E21F62600351625 /* maxmailin */,
				C3F77F712E21F62600351625 /* Products */,
				1DB56D68AE982DF73D8746ED /* Frameworks */,
				BE24C855A58BA09F68BE5BCE /* maxmailinTests */,
			);
			sourceTree = "<group>";
		};
		C3F77F712E21F62600351625 /* Products */ = {
			isa = PBXGroup;
			children = (
				C3F77F702E21F62600351625 /* maxmailin.app */,
				9CF2C7D0B60FDC821DB65ADF /* maxmailinTests.xctest */,
			);
			name = Products;
			sourceTree = "<group>";
		};
		C3F7A9A82E2ED24F00351625 /* Products */ = {
			isa = PBXGroup;
			children = (
			);
			name = Products;
			sourceTree = "<group>";
		};
/* End PBXGroup section */

/* Begin PBXNativeTarget section */
		9264030F775FE81D554EE5E4 /* maxmailinTests */ = {
			isa = PBXNativeTarget;
			buildConfigurationList = F2364748DCF458E23024B2AF /* Build configuration list for PBXNativeTarget "maxmailinTests" */;
			buildPhases = (
				1F52E5A7BF33CDE15EEC0526 /* Sources */,
				D2BDDBF659090CC2F61A26EC /* Frameworks */,
				FB4B2E2BDCE2244C85F2329E /* Resources */,
			);
			buildRules = (
			);
			dependencies = (
				02E424FF6E02B13969904DF2 /* PBXTargetDependency */,
			);
			name = maxmailinTests;
			productName = maxmailinTests;
			productReference = 9CF2C7D0B60FDC821DB65ADF /* maxmailinTests.xctest */;
			productType = "com.apple.product-type.bundle.unit-test";
		};
		C3F77F6F2E21F62600351625 /* maxmailin */ = {
			isa = PBXNativeTarget;
			buildConfigurationList = C3F77F7C2E21F62800351625 /* Build configuration list for PBXNativeTarget "maxmailin" */;
			buildPhases = (
				C3F77F6D2E21F62600351625 /* Frameworks */,
				C3DF21392E30BC8500B0E3E6 /* CopyFiles */,
				C3DF213A2E30BC8D00B0E3E6 /* Resources */,
				C3DF2CA62E30BE0100B0E3E6 /* Sources */,
			);
			buildRules = (
			);
			dependencies = (
			);
			fileSystemSynchronizedGroups = (
				C3F77F722E21F62600351625 /* maxmailin */,
			);
			name = maxmailin;
			productName = mailin;
			productReference = C3F77F702E21F62600351625 /* maxmailin.app */;
			productType = "com.apple.product-type.application";
		};
/* End PBXNativeTarget section */

/* Begin PBXProject section */
		C3F77F682E21F62600351625 /* Project object */ = {
			isa = PBXProject;
			attributes = {
				BuildIndependentTargetsInParallel = 1;
				LastSwiftUpdateCheck = 1630;
				LastUpgradeCheck = 2640;
				TargetAttributes = {
					C3F77F6F2E21F62600351625 = {
						CreatedOnToolsVersion = 16.3;
					};
				};
			};
			buildConfigurationList = C3F77F6B2E21F62600351625 /* Build configuration list for PBXProject "maxmailin" */;
			developmentRegion = en;
			hasScannedForEncodings = 0;
			knownRegions = (
				en,
				Base,
				"zh-Hant",
				"zh-Hans",
				fr,
				de,
				hi,
				es,
				ko,
				it,
				ja,
				"pt-BR",
			);
			mainGroup = C3F77F672E21F62600351625;
			minimizedProjectReferenceProxies = 1;
			preferredProjectObjectVersion = 77;
			productRefGroup = C3F77F712E21F62600351625 /* Products */;
			projectDirPath = "";
			projectReferences = (
				{
					ProductGroup = C3B67D182E2FE445009C208C /* Products */;
					ProjectRef = C3B67A602E2FE445009C208C /* ModelRunner.xcodeproj */;
				},
				{
					ProductGroup = C3B6F8442E2F3AD2009C208C /* Products */;
					ProjectRef = C3B6F5B12E2F3AD2009C208C /* ModelRunner.xcodeproj */;
				},
				{
					ProductGroup = C3F7A9A82E2ED24F00351625 /* Products */;
					ProjectRef = C3F7A7222E2ED24F00351625 /* ModelRunner.xcodeproj */;
				},
				{
					ProductGroup = C3B68A772E2F3CE8009C208C /* Products */;
					ProjectRef = C3B687F12E2F3CE7009C208C /* ModelRunner.xcodeproj */;
				},
			);
			projectRoot = "";
			targets = (
				C3F77F6F2E21F62600351625 /* maxmailin */,
				9264030F775FE81D554EE5E4 /* maxmailinTests */,
			);
		};
/* End PBXProject section */

/* Begin PBXResourcesBuildPhase section */
		C3DF213A2E30BC8D00B0E3E6 /* Resources */ = {
			isa = PBXResourcesBuildPhase;
			buildActionMask = 2147483647;
			files = (
			);
			runOnlyForDeploymentPostprocessing = 0;
		};
		FB4B2E2BDCE2244C85F2329E /* Resources */ = {
			isa = PBXResourcesBuildPhase;
			buildActionMask = 2147483647;
			files = (
			);
			runOnlyForDeploymentPostprocessing = 0;
		};
/* End PBXResourcesBuildPhase section */

/* Begin PBXSourcesBuildPhase section */
		1F52E5A7BF33CDE15EEC0526 /* Sources */ = {
			isa = PBXSourcesBuildPhase;
			buildActionMask = 2147483647;
			files = (
				1D0190B9A4314C4F1E974268 /* SmokeTests.swift in Sources */,
				FE90CA2542E92965622E2D37 /* V2VerificationTests.swift in Sources */,
				A1B2C3D4E5F60718293A4B5C /* V2DerivedStateTests.swift in Sources */,
				AB12CD34EF5601789ABCDE02 /* V2ExportTests.swift in Sources */,
				C0DE0FF1CE20260807AB0002 /* V2CutoverTests.swift in Sources */,
				AB12CD34EF5601789ABCDE04 /* V2SecurityTests.swift in Sources */,
				B4EE09033025C63B003F6F45 /* V2SearchTests.swift in Sources */,
			);
			runOnlyForDeploymentPostprocessing = 0;
		};
		C3DF2CA62E30BE0100B0E3E6 /* Sources */ = {
			isa = PBXSourcesBuildPhase;
			buildActionMask = 2147483647;
			files = (
			);
			runOnlyForDeploymentPostprocessing = 0;
		};
/* End PBXSourcesBuildPhase section */

/* Begin PBXTargetDependency section */
		02E424FF6E02B13969904DF2 /* PBXTargetDependency */ = {
			isa = PBXTargetDependency;
			name = maxmailin;
			target = C3F77F6F2E21F62600351625 /* maxmailin */;
			targetProxy = 481E20DFCEF7A0B2B4AB3379 /* PBXContainerItemProxy */;
		};
/* End PBXTargetDependency section */

/* Begin XCBuildConfiguration section */
		83E229A7FCC2C94E4EBCDAF1 /* Debug */ = {
			isa = XCBuildConfiguration;
			buildSettings = {
				BUNDLE_LOADER = "$(TEST_HOST)";
				CODE_SIGN_STYLE = Automatic;
				ENABLE_HARDENED_RUNTIME = NO;
				GENERATE_INFOPLIST_FILE = YES;
				MACOSX_DEPLOYMENT_TARGET = 14.6;
				PRODUCT_BUNDLE_IDENTIFIER = com.ecosanskriti.maxmailinTests;
				PRODUCT_NAME = "$(TARGET_NAME)";
				SDKROOT = macosx;
				SUPPORTED_PLATFORMS = macosx;
				SWIFT_VERSION = 5.0;
				TEST_HOST = "$(BUILT_PRODUCTS_DIR)/maxmailin.app/Contents/MacOS/maxmailin";
			};
			name = Debug;
		};
		C3F77F7A2E21F62800351625 /* Debug */ = {
			isa = XCBuildConfiguration;
			buildSettings = {
				ALWAYS_SEARCH_USER_PATHS = NO;
				ASSETCATALOG_COMPILER_GENERATE_SWIFT_ASSET_SYMBOL_EXTENSIONS = YES;
				CLANG_ANALYZER_NONNULL = YES;
				CLANG_ANALYZER_NUMBER_OBJECT_CONVERSION = YES_AGGRESSIVE;
				CLANG_CXX_LANGUAGE_STANDARD = "gnu++20";
				CLANG_ENABLE_MODULES = YES;
				CLANG_ENABLE_OBJC_ARC = YES;
				CLANG_ENABLE_OBJC_WEAK = YES;
				CLANG_WARN_BLOCK_CAPTURE_AUTORELEASING = YES;
				CLANG_WARN_BOOL_CONVERSION = YES;
				CLANG_WARN_COMMA = YES;
				CLANG_WARN_CONSTANT_CONVERSION = YES;
				CLANG_WARN_DEPRECATED_OBJC_IMPLEMENTATIONS = YES;
				CLANG_WARN_DIRECT_OBJC_ISA_USAGE = YES_ERROR;
				CLANG_WARN_DOCUMENTATION_COMMENTS = YES;
				CLANG_WARN_EMPTY_BODY = YES;
				CLANG_WARN_ENUM_CONVERSION = YES;
				CLANG_WARN_INFINITE_RECURSION = YES;
				CLANG_WARN_INT_CONVERSION = YES;
				CLANG_WARN_NON_LITERAL_NULL_CONVERSION = YES;
				CLANG_WARN_OBJC_IMPLICIT_RETAIN_SELF = YES;
				CLANG_WARN_OBJC_LITERAL_CONVERSION = YES;
				CLANG_WARN_OBJC_ROOT_CLASS = YES_ERROR;
				CLANG_WARN_QUOTED_INCLUDE_IN_FRAMEWORK_HEADER = YES;
				CLANG_WARN_RANGE_LOOP_ANALYSIS = YES;
				CLANG_WARN_STRICT_PROTOTYPES = YES;
				CLANG_WARN_SUSPICIOUS_MOVE = YES;
				CLANG_WARN_UNGUARDED_AVAILABILITY = YES_AGGRESSIVE;
				CLANG_WARN_UNREACHABLE_CODE = YES;
				CLANG_WARN__DUPLICATE_METHOD_MATCH = YES;
				COPY_PHASE_STRIP = NO;
				DEAD_CODE_STRIPPING = YES;
				DEBUG_INFORMATION_FORMAT = dwarf;
				DEVELOPMENT_TEAM = 6TPTCJD42Q;
				ENABLE_STRICT_OBJC_MSGSEND = YES;
				ENABLE_TESTABILITY = YES;
				ENABLE_USER_SCRIPT_SANDBOXING = YES;
				GCC_C_LANGUAGE_STANDARD = gnu17;
				GCC_DYNAMIC_NO_PIC = NO;
				GCC_NO_COMMON_BLOCKS = YES;
				GCC_OPTIMIZATION_LEVEL = 0;
				GCC_PREPROCESSOR_DEFINITIONS = (
					"DEBUG=1",
					"$(inherited)",
				);
				GCC_WARN_64_TO_32_BIT_CONVERSION = YES;
				GCC_WARN_ABOUT_RETURN_TYPE = YES_ERROR;
				GCC_WARN_UNDECLARED_SELECTOR = YES;
				GCC_WARN_UNINITIALIZED_AUTOS = YES_AGGRESSIVE;
				GCC_WARN_UNUSED_FUNCTION = YES;
				GCC_WARN_UNUSED_VARIABLE = YES;
				IPHONEOS_DEPLOYMENT_TARGET = 17.6;
				LOCALIZATION_PREFERS_STRING_CATALOGS = NO;
				LOCALIZED_STRING_SWIFTUI_SUPPORT = NO;
				MACOSX_DEPLOYMENT_TARGET = 14.6;
				MTL_ENABLE_DEBUG_INFO = INCLUDE_SOURCE;
				MTL_FAST_MATH = YES;
				ONLY_ACTIVE_ARCH = YES;
				SDKROOT = iphoneos;
				STRING_CATALOG_GENERATE_SYMBOLS = NO;
				SWIFT_ACTIVE_COMPILATION_CONDITIONS = "DEBUG $(inherited)";
				SWIFT_OPTIMIZATION_LEVEL = "-Onone";
			};
			name = Debug;
		};
		C3F77F7B2E21F62800351625 /* Release */ = {
			isa = XCBuildConfiguration;
			buildSettings = {
				ALWAYS_SEARCH_USER_PATHS = NO;
				ASSETCATALOG_COMPILER_GENERATE_SWIFT_ASSET_SYMBOL_EXTENSIONS = YES;
				CLANG_ANALYZER_NONNULL = YES;
				CLANG_ANALYZER_NUMBER_OBJECT_CONVERSION = YES_AGGRESSIVE;
				CLANG_CXX_LANGUAGE_STANDARD = "gnu++20";
				CLANG_ENABLE_MODULES = YES;
				CLANG_ENABLE_OBJC_ARC = YES;
				CLANG_ENABLE_OBJC_WEAK = YES;
				CLANG_WARN_BLOCK_CAPTURE_AUTORELEASING = YES;
				CLANG_WARN_BOOL_CONVERSION = YES;
				CLANG_WARN_COMMA = YES;
				CLANG_WARN_CONSTANT_CONVERSION = YES;
				CLANG_WARN_DEPRECATED_OBJC_IMPLEMENTATIONS = YES;
				CLANG_WARN_DIRECT_OBJC_ISA_USAGE = YES_ERROR;
				CLANG_WARN_DOCUMENTATION_COMMENTS = YES;
				CLANG_WARN_EMPTY_BODY = YES;
				CLANG_WARN_ENUM_CONVERSION = YES;
				CLANG_WARN_INFINITE_RECURSION = YES;
				CLANG_WARN_INT_CONVERSION = YES;
				CLANG_WARN_NON_LITERAL_NULL_CONVERSION = YES;
				CLANG_WARN_OBJC_IMPLICIT_RETAIN_SELF = YES;
				CLANG_WARN_OBJC_LITERAL_CONVERSION = YES;
				CLANG_WARN_OBJC_ROOT_CLASS = YES_ERROR;
				CLANG_WARN_QUOTED_INCLUDE_IN_FRAMEWORK_HEADER = YES;
				CLANG_WARN_RANGE_LOOP_ANALYSIS = YES;
				CLANG_WARN_STRICT_PROTOTYPES = YES;
				CLANG_WARN_SUSPICIOUS_MOVE = YES;
				CLANG_WARN_UNGUARDED_AVAILABILITY = YES_AGGRESSIVE;
				CLANG_WARN_UNREACHABLE_CODE = YES;
				CLANG_WARN__DUPLICATE_METHOD_MATCH = YES;
				COPY_PHASE_STRIP = NO;
				DEAD_CODE_STRIPPING = YES;
				DEBUG_INFORMATION_FORMAT = "dwarf-with-dsym";
				DEVELOPMENT_TEAM = 6TPTCJD42Q;
				ENABLE_NS_ASSERTIONS = NO;
				ENABLE_STRICT_OBJC_MSGSEND = YES;
				ENABLE_USER_SCRIPT_SANDBOXING = YES;
				GCC_C_LANGUAGE_STANDARD = gnu17;
				GCC_NO_COMMON_BLOCKS = YES;
				GCC_WARN_64_TO_32_BIT_CONVERSION = YES;
				GCC_WARN_ABOUT_RETURN_TYPE = YES_ERROR;
				GCC_WARN_UNDECLARED_SELECTOR = YES;
				GCC_WARN_UNINITIALIZED_AUTOS = YES_AGGRESSIVE;
				GCC_WARN_UNUSED_FUNCTION = YES;
				GCC_WARN_UNUSED_VARIABLE = YES;
				IPHONEOS_DEPLOYMENT_TARGET = 17.6;
				LOCALIZATION_PREFERS_STRING_CATALOGS = NO;
				LOCALIZED_STRING_SWIFTUI_SUPPORT = NO;
				MACOSX_DEPLOYMENT_TARGET = 14.6;
				MTL_ENABLE_DEBUG_INFO = NO;
				MTL_FAST_MATH = YES;
				SDKROOT = iphoneos;
				STRING_CATALOG_GENERATE_SYMBOLS = NO;
				SWIFT_COMPILATION_MODE = wholemodule;
			};
			name = Release;
		};
		C3F77F7D2E21F62800351625 /* Debug */ = {
			isa = XCBuildConfiguration;
			buildSettings = {
				ASSETCATALOG_COMPILER_APPICON_NAME = AppIcon;
				ASSETCATALOG_COMPILER_GLOBAL_ACCENT_COLOR_NAME = AccentColor;
				CODE_SIGN_ENTITLEMENTS = mailin/mailin.entitlements;
				"CODE_SIGN_ENTITLEMENTS[sdk=iphoneos*]" = mailin/mailin_iOS.entitlements;
				CODE_SIGN_IDENTITY = "Apple Development";
				CODE_SIGN_STYLE = Automatic;
				COMBINE_HIDPI_IMAGES = YES;
				CURRENT_PROJECT_VERSION = 200;
				DEAD_CODE_STRIPPING = YES;
				DEVELOPMENT_TEAM = 6TPTCJD42Q;
				ENABLE_HARDENED_RUNTIME = NO;
				ENABLE_PREVIEWS = YES;
				GENERATE_INFOPLIST_FILE = YES;
				INFOPLIST_FILE = info.plist;
				INFOPLIST_KEY_CFBundleDisplayName = mailin;
				INFOPLIST_KEY_ITSAppUsesNonExemptEncryption = NO;
				INFOPLIST_KEY_LSApplicationCategoryType = "public.app-category.productivity";
				INFOPLIST_KEY_LSSupportsOpeningDocumentsInPlace = YES;
				INFOPLIST_KEY_NSDesktopFolderUsageDescription = "mailin accesses your Desktop to open email archive files you select for import and to save exported results. For example, opening an .eml file saved on your Desktop, or exporting a forensic report as CSV. Only files you explicitly choose are accessed.";
				INFOPLIST_KEY_NSDocumentsFolderUsageDescription = "mailin accesses your Documents folder to open email archive files you select for import and to save exported results. For example, opening a Gmail Takeout .mbox file stored in Documents, or saving a PDF export of analyzed emails. Only files you explicitly choose are accessed.";
				INFOPLIST_KEY_NSDownloadsFolderUsageDescription = "mailin accesses your Downloads folder to open email archive files you have downloaded. For example, opening a Google Takeout .mbox archive or an Outlook .pst file downloaded from your email provider. Only files you explicitly choose are accessed.";
				INFOPLIST_KEY_NSFaceIDUsageDescription = "mailin uses Face ID to verify your identity before unlocking the app. For example, when you have enabled biometric lock in Settings, Face ID is required each time you open the app to protect your email archives from unauthorized access.";
				INFOPLIST_KEY_NSHumanReadableCopyright = "Copyright © 2025-2026 mailin. All rights reserved.";
				INFOPLIST_KEY_UISupportedInterfaceOrientations = "UIInterfaceOrientationPortrait UIInterfaceOrientationLandscapeLeft UIInterfaceOrientationLandscapeRight";
				INFOPLIST_KEY_UISupportedInterfaceOrientations_iPad = "UIInterfaceOrientationPortrait UIInterfaceOrientationPortraitUpsideDown UIInterfaceOrientationLandscapeLeft UIInterfaceOrientationLandscapeRight";
				INFOPLIST_KEY_UISupportsDocumentBrowser = YES;
				IPHONEOS_DEPLOYMENT_TARGET = 17.6;
				LD_RUNPATH_SEARCH_PATHS = (
					"$(inherited)",
					"@executable_path/../Frameworks",
				);
				LIBRARY_SEARCH_PATHS = "$(inherited)";
				LOCALIZATION_PREFERS_STRING_CATALOGS = NO;
				MACOSX_DEPLOYMENT_TARGET = 14.6;
				MARKETING_VERSION = 2.0.0;
				PRODUCT_BUNDLE_IDENTIFIER = com.ecosanskriti.mailin;
				PRODUCT_NAME = "$(TARGET_NAME)";
				PROVISIONING_PROFILE_SPECIFIER = "";
				REGISTER_APP_GROUPS = YES;
				STRING_CATALOG_GENERATE_SYMBOLS = NO;
				SUPPORTED_PLATFORMS = "iphoneos iphonesimulator macosx";
				SUPPORTS_MACCATALYST = NO;
				SWIFT_ACTIVE_COMPILATION_CONDITIONS = "DEBUG OFFLINE_MODE $(inherited)";
				SWIFT_EMIT_LOC_STRINGS = NO;
				SWIFT_VERSION = 5.0;
				TARGETED_DEVICE_FAMILY = "1,2";
			};
			name = Debug;
		};
		C3F77F7E2E21F62800351625 /* Release */ = {
			isa = XCBuildConfiguration;
			buildSettings = {
				ASSETCATALOG_COMPILER_APPICON_NAME = AppIcon;
				ASSETCATALOG_COMPILER_GLOBAL_ACCENT_COLOR_NAME = AccentColor;
				CODE_SIGN_ENTITLEMENTS = mailin/mailin.entitlements;
				"CODE_SIGN_ENTITLEMENTS[sdk=iphoneos*]" = mailin/mailin_iOS.entitlements;
				CODE_SIGN_IDENTITY = "Apple Development";
				CODE_SIGN_STYLE = Automatic;
				COMBINE_HIDPI_IMAGES = YES;
				CURRENT_PROJECT_VERSION = 200;
				DEAD_CODE_STRIPPING = YES;
				DEVELOPMENT_TEAM = 6TPTCJD42Q;
				ENABLE_HARDENED_RUNTIME = YES;
				ENABLE_PREVIEWS = YES;
				GENERATE_INFOPLIST_FILE = YES;
				INFOPLIST_FILE = info.plist;
				INFOPLIST_KEY_CFBundleDisplayName = mailin;
				INFOPLIST_KEY_ITSAppUsesNonExemptEncryption = NO;
				INFOPLIST_KEY_LSApplicationCategoryType = "public.app-category.productivity";
				INFOPLIST_KEY_LSSupportsOpeningDocumentsInPlace = YES;
				INFOPLIST_KEY_NSDesktopFolderUsageDescription = "mailin accesses your Desktop to open email archive files you select for import and to save exported results. For example, opening an .eml file saved on your Desktop, or exporting a forensic report as CSV. Only files you explicitly choose are accessed.";
				INFOPLIST_KEY_NSDocumentsFolderUsageDescription = "mailin accesses your Documents folder to open email archive files you select for import and to save exported results. For example, opening a Gmail Takeout .mbox file stored in Documents, or saving a PDF export of analyzed emails. Only files you explicitly choose are accessed.";
				INFOPLIST_KEY_NSDownloadsFolderUsageDescription = "mailin accesses your Downloads folder to open email archive files you have downloaded. For example, opening a Google Takeout .mbox archive or an Outlook .pst file downloaded from your email provider. Only files you explicitly choose are accessed.";
				INFOPLIST_KEY_NSFaceIDUsageDescription = "mailin uses Face ID to verify your identity before unlocking the app. For example, when you have enabled biometric lock in Settings, Face ID is required each time you open the app to protect your email archives from unauthorized access.";
				INFOPLIST_KEY_NSHumanReadableCopyright = "Copyright © 2025-2026 mailin. All rights reserved.";
				INFOPLIST_KEY_UISupportedInterfaceOrientations = "UIInterfaceOrientationPortrait UIInterfaceOrientationLandscapeLeft UIInterfaceOrientationLandscapeRight";
				INFOPLIST_KEY_UISupportedInterfaceOrientations_iPad = "UIInterfaceOrientationPortrait UIInterfaceOrientationPortraitUpsideDown UIInterfaceOrientationLandscapeLeft UIInterfaceOrientationLandscapeRight";
				INFOPLIST_KEY_UISupportsDocumentBrowser = YES;
				IPHONEOS_DEPLOYMENT_TARGET = 17.6;
				LD_RUNPATH_SEARCH_PATHS = (
					"$(inherited)",
					"@executable_path/../Frameworks",
				);
				LIBRARY_SEARCH_PATHS = "$(inherited)";
				LOCALIZATION_PREFERS_STRING_CATALOGS = NO;
				MACOSX_DEPLOYMENT_TARGET = 14.6;
				MARKETING_VERSION = 2.0.0;
				PRODUCT_BUNDLE_IDENTIFIER = com.ecosanskriti.mailin;
				PRODUCT_NAME = "$(TARGET_NAME)";
				PROVISIONING_PROFILE_SPECIFIER = "";
				REGISTER_APP_GROUPS = YES;
				STRING_CATALOG_GENERATE_SYMBOLS = NO;
				SUPPORTED_PLATFORMS = "iphoneos iphonesimulator macosx";
				SUPPORTS_MACCATALYST = NO;
				SWIFT_ACTIVE_COMPILATION_CONDITIONS = OFFLINE_MODE;
				SWIFT_EMIT_LOC_STRINGS = NO;
				SWIFT_VERSION = 5.0;
				TARGETED_DEVICE_FAMILY = "1,2";
			};
			name = Release;
		};
		E206DC789E04CD49BB728C5E /* Release */ = {
			isa = XCBuildConfiguration;
			buildSettings = {
				BUNDLE_LOADER = "$(TEST_HOST)";
				CODE_SIGN_STYLE = Automatic;
				GENERATE_INFOPLIST_FILE = YES;
				MACOSX_DEPLOYMENT_TARGET = 14.6;
				PRODUCT_BUNDLE_IDENTIFIER = com.ecosanskriti.maxmailinTests;
				PRODUCT_NAME = "$(TARGET_NAME)";
				SDKROOT = macosx;
				SUPPORTED_PLATFORMS = macosx;
				SWIFT_VERSION = 5.0;
				TEST_HOST = "$(BUILT_PRODUCTS_DIR)/maxmailin.app/Contents/MacOS/maxmailin";
			};
			name = Release;
		};
/* End XCBuildConfiguration section */

/* Begin XCConfigurationList section */
		C3F77F6B2E21F62600351625 /* Build configuration list for PBXProject "maxmailin" */ = {
			isa = XCConfigurationList;
			buildConfigurations = (
				C3F77F7A2E21F62800351625 /* Debug */,
				C3F77F7B2E21F62800351625 /* Release */,
			);
			defaultConfigurationIsVisible = 0;
			defaultConfigurationName = Release;
		};
		C3F77F7C2E21F62800351625 /* Build configuration list for PBXNativeTarget "maxmailin" */ = {
			isa = XCConfigurationList;
			buildConfigurations = (
				C3F77F7D2E21F62800351625 /* Debug */,
				C3F77F7E2E21F62800351625 /* Release */,
			);
			defaultConfigurationIsVisible = 0;
			defaultConfigurationName = Release;
		};
		F2364748DCF458E23024B2AF /* Build configuration list for PBXNativeTarget "maxmailinTests" */ = {
			isa = XCConfigurationList;
			buildConfigurations = (
				E206DC789E04CD49BB728C5E /* Release */,
				83E229A7FCC2C94E4EBCDAF1 /* Debug */,
			);
			defaultConfigurationIsVisible = 0;
			defaultConfigurationName = Release;
		};
/* End XCConfigurationList section */
	};
	rootObject = C3F77F682E21F62600351625 /* Project object */;
}
